
Microsoft Visual Studio Solution File, Format Version 12.00
# Visual Studio 2013
VisualStudioVersion = 12.0.31101.0
MinimumVisualStudioVersion = 10.0.40219.1
Project("{FAE04EC0-301F-11D3-BF4B-00C04F79EFBC}") = "Naos.Deployment.Contract", "Naos.Deployment.Contract\Naos.Deployment.Contract.csproj", "{2160253A-C829-4335-BFAB-5559B6117FFE}"
EndProject
Project("{FAE04EC0-301F-11D3-BF4B-00C04F79EFBC}") = "Naos.Deployment.Core", "Naos.Deployment.Core\Naos.Deployment.Core.csproj", "{6F1833BF-253D-4C2D-B429-CCEC58ECEED0}"
EndProject
Project("{FAE04EC0-301F-11D3-BF4B-00C04F79EFBC}") = "Naos.Deployment.Core.Test", "Naos.Deployment.Core.Test\Naos.Deployment.Core.Test.csproj", "{D54391C0-BBDC-4F7A-B1DC-AA38EB87FED8}"
EndProject
Global
	GlobalSection(SolutionConfigurationPlatforms) = preSolution
		Debug|Any CPU = Debug|Any CPU
		Release|Any CPU = Release|Any CPU
	EndGlobalSection
	GlobalSection(ProjectConfigurationPlatforms) = postSolution
		{2160253A-C829-4335-BFAB-5559B6117FFE}.Debug|Any CPU.ActiveCfg = Debug|Any CPU
		{2160253A-C829-4335-BFAB-5559B6117FFE}.Debug|Any CPU.Build.0 = Debug|Any CPU
		{2160253A-C829-4335-BFAB-5559B6117FFE}.Release|Any CPU.ActiveCfg = Release|Any CPU
		{2160253A-C829-4335-BFAB-5559B6117FFE}.Release|Any CPU.Build.0 = Release|Any CPU
		{6F1833BF-253D-4C2D-B429-CCEC58ECEED0}.Debug|Any CPU.ActiveCfg = Debug|Any CPU
		{6F1833BF-253D-4C2D-B429-CCEC58ECEED0}.Debug|Any CPU.Build.0 = Debug|Any CPU
		{6F1833BF-253D-4C2D-B429-CCEC58ECEED0}.Release|Any CPU.ActiveCfg = Release|Any CPU
		{6F1833BF-253D-4C2D-B429-CCEC58ECEED0}.Release|Any CPU.Build.0 = Release|Any CPU
		{D54391C0-BBDC-4F7A-B1DC-AA38EB87FED8}.Debug|Any CPU.ActiveCfg = Debug|Any CPU
		{D54391C0-BBDC-4F7A-B1DC-AA38EB87FED8}.Debug|Any CPU.Build.0 = Debug|Any CPU
		{D54391C0-BBDC-4F7A-B1DC-AA38EB87FED8}.Release|Any CPU.ActiveCfg = Release|Any CPU
		{D54391C0-BBDC-4F7A-B1DC-AA38EB87FED8}.Release|Any CPU.Build.0 = Release|Any CPU
	EndGlobalSection
	GlobalSection(SolutionProperties) = preSolution
		HideSolutionNode = FALSE
	EndGlobalSection
EndGlobal
